
Microsoft Visual Studio Solution File, Format Version 10.00
# Visual Studio 2008
Project("{FAE04EC0-301F-11D3-BF4B-00C04F79EFBC}") = "Sigbit.Common", "..\..\..\SigbitCommonSolutions\Sigbit.Common\Sigbit.Common.csproj", "{5B852150-D9C3-4AB3-BDC0-DAD16B819059}"
EndProject
Project("{FAE04EC0-301F-11D3-BF4B-00C04F79EFBC}") = "Sigbit.Net", "..\..\..\SigbitCommonSolutions\Sigbit.Net\Sigbit.Net.csproj", "{E88A6389-F6DF-4CC7-B31B-6C3183AAFE51}"
EndProject
Project("{FAE04EC0-301F-11D3-BF4B-00C04F79EFBC}") = "Sigbit.Data", "..\..\..\SigbitCommonSolutions\Sigbit.Data\Sigbit.Data.csproj", "{8F07A089-A32D-4B31-B62E-4BAF9017AF34}"
EndProject
Project("{FAE04EC0-301F-11D3-BF4B-00C04F79EFBC}") = "Sigbit.Web", "..\..\..\SigbitCommonSolutions\Sigbit.Web\Sigbit.Web.csproj", "{6BC93636-7FE9-4511-AFF7-38BBE002966C}"
EndProject
Project("{FAE04EC0-301F-11D3-BF4B-00C04F79EFBC}") = "Sigbit.Framework", "..\..\..\SigbitCommonSolutions\Sigbit.Framework\Sigbit.Framework.csproj", "{2546D49B-7219-4683-89F1-8B3C424D4C6C}"
EndProject
Project("{E24C65DC-7377-472B-9ABA-BC803B73C61A}") = "VoiceQualityAnalyze.Web", "VoiceQualityAnalyze.Web\", "{51D19AA3-60F5-4A0B-8A6F-CC29E180AADB}"
	ProjectSection(WebsiteProperties) = preProject
		TargetFramework = "2.0"
		ProjectReferences = "{5B852150-D9C3-4AB3-BDC0-DAD16B819059}|Sigbit.Common.dll;{E88A6389-F6DF-4CC7-B31B-6C3183AAFE51}|Sigbit.Net.dll;{8F07A089-A32D-4B31-B62E-4BAF9017AF34}|Sigbit.Data.dll;{6BC93636-7FE9-4511-AFF7-38BBE002966C}|Sigbit.Web.dll;{2546D49B-7219-4683-89F1-8B3C424D4C6C}|Sigbit.Framework.dll;{38097EB2-5B62-456F-B059-F5D6D6892DA0}|Sigbit.App.Net.IBXService.VoiceQAN.dll;{AFFA761E-9D6E-40C0-8E13-8D5AE5CF317F}|Sigbit.App.Net.IBXService.VoiceQAN.Service.dll;{B6C839FB-917C-46B4-957C-FDA5DA3E6789}|Sigbit.App.Net.IBXService.dll;{126CD167-4AB4-4C0F-93DC-982C02523790}|Sigbit.App.Net.IBXService.VoiceCompare.dll;{B07C2E63-0D42-4DD4-862C-BBA8122601F7}|Sigbit.App.Net.IBXService.VoiceCOMP.Service.dll;{F64BF97E-F277-442C-99A7-C7FD6F0FD1CD}|Sigbit.Common.MMLib.Voice.dll;"
		Debug.AspNetCompiler.VirtualPath = "/VoiceQualityAnalyze.Web"
		Debug.AspNetCompiler.PhysicalPath = "VoiceQualityAnalyze.Web\"
		Debug.AspNetCompiler.TargetPath = "PrecompiledWeb\VoiceQualityAnalyze.Web\"
		Debug.AspNetCompiler.Updateable = "true"
		Debug.AspNetCompiler.ForceOverwrite = "true"
		Debug.AspNetCompiler.FixedNames = "false"
		Debug.AspNetCompiler.Debug = "True"
		Release.AspNetCompiler.VirtualPath = "/VoiceQualityAnalyze.Web"
		Release.AspNetCompiler.PhysicalPath = "VoiceQualityAnalyze.Web\"
		Release.AspNetCompiler.TargetPath = "PrecompiledWeb\VoiceQualityAnalyze.Web\"
		Release.AspNetCompiler.Updateable = "true"
		Release.AspNetCompiler.ForceOverwrite = "true"
		Release.AspNetCompiler.FixedNames = "false"
		Release.AspNetCompiler.Debug = "False"
		VWDPort = "34232"
	EndProjectSection
EndProject
Project("{FAE04EC0-301F-11D3-BF4B-00C04F79EFBC}") = "Sigbit.App.Net.IBXService.VoiceQAN", "Sigbit.App.Net.IBXService.VoiceQAN\Sigbit.App.Net.IBXService.VoiceQAN.csproj", "{38097EB2-5B62-456F-B059-F5D6D6892DA0}"
EndProject
Project("{FAE04EC0-301F-11D3-BF4B-00C04F79EFBC}") = "Sigbit.App.Net.IBXService.VoiceQAN.Service", "Sigbit.App.Net.IBXService.VoiceQAN.Service\Sigbit.App.Net.IBXService.VoiceQAN.Service.csproj", "{AFFA761E-9D6E-40C0-8E13-8D5AE5CF317F}"
EndProject
Project("{FAE04EC0-301F-11D3-BF4B-00C04F79EFBC}") = "Sigbit.App.Net.IBXService", "..\..\Foundation\Sigbit.App.Net.IBXService\Sigbit.App.Net.IBXService.csproj", "{B6C839FB-917C-46B4-957C-FDA5DA3E6789}"
EndProject
Project("{FAE04EC0-301F-11D3-BF4B-00C04F79EFBC}") = "Sigbit.App.Net.IBXService.VoiceCOMP", "Sigbit.App.Net.IBXService.VoiceCompare\Sigbit.App.Net.IBXService.VoiceCOMP.csproj", "{126CD167-4AB4-4C0F-93DC-982C02523790}"
EndProject
Project("{FAE04EC0-301F-11D3-BF4B-00C04F79EFBC}") = "Sigbit.App.Net.IBXService.VoiceCOMP.Service", "Sigbit.App.Net.IBXService.VoiceCOMP.Service\Sigbit.App.Net.IBXService.VoiceCOMP.Service.csproj", "{B07C2E63-0D42-4DD4-862C-BBA8122601F7}"
EndProject
Project("{FAE04EC0-301F-11D3-BF4B-00C04F79EFBC}") = "Sigbit.Common.MMLib.Voice", "..\..\..\SigbitCommonSolutions\Sigbit.Common.MMLib.Voice\Sigbit.Common.MMLib.Voice.csproj", "{F64BF97E-F277-442C-99A7-C7FD6F0FD1CD}"
EndProject
Global
	GlobalSection(SolutionConfigurationPlatforms) = preSolution
		Debug|.NET = Debug|.NET
		Debug|Any CPU = Debug|Any CPU
		Debug|Mixed Platforms = Debug|Mixed Platforms
		Debug|x64 = Debug|x64
		Debug|x86 = Debug|x86
		Release|.NET = Release|.NET
		Release|Any CPU = Release|Any CPU
		Release|Mixed Platforms = Release|Mixed Platforms
		Release|x64 = Release|x64
		Release|x86 = Release|x86
	EndGlobalSection
	GlobalSection(ProjectConfigurationPlatforms) = postSolution
		{5B852150-D9C3-4AB3-BDC0-DAD16B819059}.Debug|.NET.ActiveCfg = Debug|x86
		{5B852150-D9C3-4AB3-BDC0-DAD16B819059}.Debug|Any CPU.ActiveCfg = Debug|Any CPU
		{5B852150-D9C3-4AB3-BDC0-DAD16B819059}.Debug|Any CPU.Build.0 = Debug|Any CPU
		{5B852150-D9C3-4AB3-BDC0-DAD16B819059}.Debug|Mixed Platforms.ActiveCfg = Debug|x86
		{5B852150-D9C3-4AB3-BDC0-DAD16B819059}.Debug|Mixed Platforms.Build.0 = Debug|x86
		{5B852150-D9C3-4AB3-BDC0-DAD16B819059}.Debug|x64.ActiveCfg = Debug|x64
		{5B852150-D9C3-4AB3-BDC0-DAD16B819059}.Debug|x64.Build.0 = Debug|x64
		{5B852150-D9C3-4AB3-BDC0-DAD16B819059}.Debug|x86.ActiveCfg = Debug|x86
		{5B852150-D9C3-4AB3-BDC0-DAD16B819059}.Debug|x86.Build.0 = Debug|x86
		{5B852150-D9C3-4AB3-BDC0-DAD16B819059}.Release|.NET.ActiveCfg = Release|x86
		{5B852150-D9C3-4AB3-BDC0-DAD16B819059}.Release|Any CPU.ActiveCfg = Release|Any CPU
		{5B852150-D9C3-4AB3-BDC0-DAD16B819059}.Release|Any CPU.Build.0 = Release|Any CPU
		{5B852150-D9C3-4AB3-BDC0-DAD16B819059}.Release|Mixed Platforms.ActiveCfg = Release|x86
		{5B852150-D9C3-4AB3-BDC0-DAD16B819059}.Release|Mixed Platforms.Build.0 = Release|x86
		{5B852150-D9C3-4AB3-BDC0-DAD16B819059}.Release|x64.ActiveCfg = Release|x64
		{5B852150-D9C3-4AB3-BDC0-DAD16B819059}.Release|x64.Build.0 = Release|x64
		{5B852150-D9C3-4AB3-BDC0-DAD16B819059}.Release|x86.ActiveCfg = Release|x86
		{5B852150-D9C3-4AB3-BDC0-DAD16B819059}.Release|x86.Build.0 = Release|x86
		{E88A6389-F6DF-4CC7-B31B-6C3183AAFE51}.Debug|.NET.ActiveCfg = Debug|x86
		{E88A6389-F6DF-4CC7-B31B-6C3183AAFE51}.Debug|Any CPU.ActiveCfg = Debug|Any CPU
		{E88A6389-F6DF-4CC7-B31B-6C3183AAFE51}.Debug|Any CPU.Build.0 = Debug|Any CPU
		{E88A6389-F6DF-4CC7-B31B-6C3183AAFE51}.Debug|Mixed Platforms.ActiveCfg = Debug|x86
		{E88A6389-F6DF-4CC7-B31B-6C3183AAFE51}.Debug|Mixed Platforms.Build.0 = Debug|x86
		{E88A6389-F6DF-4CC7-B31B-6C3183AAFE51}.Debug|x64.ActiveCfg = Debug|x64
		{E88A6389-F6DF-4CC7-B31B-6C3183AAFE51}.Debug|x64.Build.0 = Debug|x64
		{E88A6389-F6DF-4CC7-B31B-6C3183AAFE51}.Debug|x86.ActiveCfg = Debug|x86
		{E88A6389-F6DF-4CC7-B31B-6C3183AAFE51}.Debug|x86.Build.0 = Debug|x86
		{E88A6389-F6DF-4CC7-B31B-6C3183AAFE51}.Release|.NET.ActiveCfg = Release|x86
		{E88A6389-F6DF-4CC7-B31B-6C3183AAFE51}.Release|Any CPU.ActiveCfg = Release|Any CPU
		{E88A6389-F6DF-4CC7-B31B-6C3183AAFE51}.Release|Any CPU.Build.0 = Release|Any CPU
		{E88A6389-F6DF-4CC7-B31B-6C3183AAFE51}.Release|Mixed Platforms.ActiveCfg = Release|x86
		{E88A6389-F6DF-4CC7-B31B-6C3183AAFE51}.Release|Mixed Platforms.Build.0 = Release|x86
		{E88A6389-F6DF-4CC7-B31B-6C3183AAFE51}.Release|x64.ActiveCfg = Release|x64
		{E88A6389-F6DF-4CC7-B31B-6C3183AAFE51}.Release|x64.Build.0 = Release|x64
		{E88A6389-F6DF-4CC7-B31B-6C3183AAFE51}.Release|x86.ActiveCfg = Release|x86
		{E88A6389-F6DF-4CC7-B31B-6C3183AAFE51}.Release|x86.Build.0 = Release|x86
		{8F07A089-A32D-4B31-B62E-4BAF9017AF34}.Debug|.NET.ActiveCfg = Debug|x86
		{8F07A089-A32D-4B31-B62E-4BAF9017AF34}.Debug|Any CPU.ActiveCfg = Debug|Any CPU
		{8F07A089-A32D-4B31-B62E-4BAF9017AF34}.Debug|Any CPU.Build.0 = Debug|Any CPU
		{8F07A089-A32D-4B31-B62E-4BAF9017AF34}.Debug|Mixed Platforms.ActiveCfg = Debug|x86
		{8F07A089-A32D-4B31-B62E-4BAF9017AF34}.Debug|Mixed Platforms.Build.0 = Debug|x86
		{8F07A089-A32D-4B31-B62E-4BAF9017AF34}.Debug|x64.ActiveCfg = Debug|x64
		{8F07A089-A32D-4B31-B62E-4BAF9017AF34}.Debug|x64.Build.0 = Debug|x64
		{8F07A089-A32D-4B31-B62E-4BAF9017AF34}.Debug|x86.ActiveCfg = Debug|x86
		{8F07A089-A32D-4B31-B62E-4BAF9017AF34}.Debug|x86.Build.0 = Debug|x86
		{8F07A089-A32D-4B31-B62E-4BAF9017AF34}.Release|.NET.ActiveCfg = Release|x86
		{8F07A089-A32D-4B31-B62E-4BAF9017AF34}.Release|Any CPU.ActiveCfg = Release|Any CPU
		{8F07A089-A32D-4B31-B62E-4BAF9017AF34}.Release|Any CPU.Build.0 = Release|Any CPU
		{8F07A089-A32D-4B31-B62E-4BAF9017AF34}.Release|Mixed Platforms.ActiveCfg = Release|x86
		{8F07A089-A32D-4B31-B62E-4BAF9017AF34}.Release|Mixed Platforms.Build.0 = Release|x86
		{8F07A089-A32D-4B31-B62E-4BAF9017AF34}.Release|x64.ActiveCfg = Release|x64
		{8F07A089-A32D-4B31-B62E-4BAF9017AF34}.Release|x64.Build.0 = Release|x64
		{8F07A089-A32D-4B31-B62E-4BAF9017AF34}.Release|x86.ActiveCfg = Release|x86
		{8F07A089-A32D-4B31-B62E-4BAF9017AF34}.Release|x86.Build.0 = Release|x86
		{6BC93636-7FE9-4511-AFF7-38BBE002966C}.Debug|.NET.ActiveCfg = Debug|x86
		{6BC93636-7FE9-4511-AFF7-38BBE002966C}.Debug|Any CPU.ActiveCfg = Debug|Any CPU
		{6BC93636-7FE9-4511-AFF7-38BBE002966C}.Debug|Any CPU.Build.0 = Debug|Any CPU
		{6BC93636-7FE9-4511-AFF7-38BBE002966C}.Debug|Mixed Platforms.ActiveCfg = Debug|x86
		{6BC93636-7FE9-4511-AFF7-38BBE002966C}.Debug|Mixed Platforms.Build.0 = Debug|x86
		{6BC93636-7FE9-4511-AFF7-38BBE002966C}.Debug|x64.ActiveCfg = Debug|x64
		{6BC93636-7FE9-4511-AFF7-38BBE002966C}.Debug|x64.Build.0 = Debug|x64
		{6BC93636-7FE9-4511-AFF7-38BBE002966C}.Debug|x86.ActiveCfg = Debug|x86
		{6BC93636-7FE9-4511-AFF7-38BBE002966C}.Debug|x86.Build.0 = Debug|x86
		{6BC93636-7FE9-4511-AFF7-38BBE002966C}.Release|.NET.ActiveCfg = Release|x86
		{6BC93636-7FE9-4511-AFF7-38BBE002966C}.Release|Any CPU.ActiveCfg = Release|Any CPU
		{6BC93636-7FE9-4511-AFF7-38BBE002966C}.Release|Any CPU.Build.0 = Release|Any CPU
		{6BC93636-7FE9-4511-AFF7-38BBE002966C}.Release|Mixed Platforms.ActiveCfg = Release|x86
		{6BC93636-7FE9-4511-AFF7-38BBE002966C}.Release|Mixed Platforms.Build.0 = Release|x86
		{6BC93636-7FE9-4511-AFF7-38BBE002966C}.Release|x64.ActiveCfg = Release|x64
		{6BC93636-7FE9-4511-AFF7-38BBE002966C}.Release|x64.Build.0 = Release|x64
		{6BC93636-7FE9-4511-AFF7-38BBE002966C}.Release|x86.ActiveCfg = Release|x86
		{6BC93636-7FE9-4511-AFF7-38BBE002966C}.Release|x86.Build.0 = Release|x86
		{2546D49B-7219-4683-89F1-8B3C424D4C6C}.Debug|.NET.ActiveCfg = Debug|x86
		{2546D49B-7219-4683-89F1-8B3C424D4C6C}.Debug|Any CPU.ActiveCfg = Debug|Any CPU
		{2546D49B-7219-4683-89F1-8B3C424D4C6C}.Debug|Any CPU.Build.0 = Debug|Any CPU
		{2546D49B-7219-4683-89F1-8B3C424D4C6C}.Debug|Mixed Platforms.ActiveCfg = Debug|x86
		{2546D49B-7219-4683-89F1-8B3C424D4C6C}.Debug|Mixed Platforms.Build.0 = Debug|x86
		{2546D49B-7219-4683-89F1-8B3C424D4C6C}.Debug|x64.ActiveCfg = Debug|x64
		{2546D49B-7219-4683-89F1-8B3C424D4C6C}.Debug|x64.Build.0 = Debug|x64
		{2546D49B-7219-4683-89F1-8B3C424D4C6C}.Debug|x86.ActiveCfg = Debug|x86
		{2546D49B-7219-4683-89F1-8B3C424D4C6C}.Debug|x86.Build.0 = Debug|x86
		{2546D49B-7219-4683-89F1-8B3C424D4C6C}.Release|.NET.ActiveCfg = Release|x86
		{2546D49B-7219-4683-89F1-8B3C424D4C6C}.Release|Any CPU.ActiveCfg = Release|Any CPU
		{2546D49B-7219-4683-89F1-8B3C424D4C6C}.Release|Any CPU.Build.0 = Release|Any CPU
		{2546D49B-7219-4683-89F1-8B3C424D4C6C}.Release|Mixed Platforms.ActiveCfg = Release|x86
		{2546D49B-7219-4683-89F1-8B3C424D4C6C}.Release|Mixed Platforms.Build.0 = Release|x86
		{2546D49B-7219-4683-89F1-8B3C424D4C6C}.Release|x64.ActiveCfg = Release|x64
		{2546D49B-7219-4683-89F1-8B3C424D4C6C}.Release|x64.Build.0 = Release|x64
		{2546D49B-7219-4683-89F1-8B3C424D4C6C}.Release|x86.ActiveCfg = Release|x86
		{2546D49B-7219-4683-89F1-8B3C424D4C6C}.Release|x86.Build.0 = Release|x86
		{51D19AA3-60F5-4A0B-8A6F-CC29E180AADB}.Debug|.NET.ActiveCfg = Debug|.NET
		{51D19AA3-60F5-4A0B-8A6F-CC29E180AADB}.Debug|.NET.Build.0 = Debug|.NET
		{51D19AA3-60F5-4A0B-8A6F-CC29E180AADB}.Debug|Any CPU.ActiveCfg = Debug|.NET
		{51D19AA3-60F5-4A0B-8A6F-CC29E180AADB}.Debug|Mixed Platforms.ActiveCfg = Debug|.NET
		{51D19AA3-60F5-4A0B-8A6F-CC29E180AADB}.Debug|Mixed Platforms.Build.0 = Debug|.NET
		{51D19AA3-60F5-4A0B-8A6F-CC29E180AADB}.Debug|x64.ActiveCfg = Debug|.NET
		{51D19AA3-60F5-4A0B-8A6F-CC29E180AADB}.Debug|x86.ActiveCfg = Debug|.NET
		{51D19AA3-60F5-4A0B-8A6F-CC29E180AADB}.Release|.NET.ActiveCfg = Debug|.NET
		{51D19AA3-60F5-4A0B-8A6F-CC29E180AADB}.Release|.NET.Build.0 = Debug|.NET
		{51D19AA3-60F5-4A0B-8A6F-CC29E180AADB}.Release|Any CPU.ActiveCfg = Debug|.NET
		{51D19AA3-60F5-4A0B-8A6F-CC29E180AADB}.Release|Mixed Platforms.ActiveCfg = Debug|.NET
		{51D19AA3-60F5-4A0B-8A6F-CC29E180AADB}.Release|Mixed Platforms.Build.0 = Debug|.NET
		{51D19AA3-60F5-4A0B-8A6F-CC29E180AADB}.Release|x64.ActiveCfg = Debug|.NET
		{51D19AA3-60F5-4A0B-8A6F-CC29E180AADB}.Release|x86.ActiveCfg = Debug|.NET
		{38097EB2-5B62-456F-B059-F5D6D6892DA0}.Debug|.NET.ActiveCfg = Debug|x86
		{38097EB2-5B62-456F-B059-F5D6D6892DA0}.Debug|Any CPU.ActiveCfg = Debug|Any CPU
		{38097EB2-5B62-456F-B059-F5D6D6892DA0}.Debug|Any CPU.Build.0 = Debug|Any CPU
		{38097EB2-5B62-456F-B059-F5D6D6892DA0}.Debug|Mixed Platforms.ActiveCfg = Debug|x86
		{38097EB2-5B62-456F-B059-F5D6D6892DA0}.Debug|Mixed Platforms.Build.0 = Debug|x86
		{38097EB2-5B62-456F-B059-F5D6D6892DA0}.Debug|x64.ActiveCfg = Debug|x86
		{38097EB2-5B62-456F-B059-F5D6D6892DA0}.Debug|x86.ActiveCfg = Debug|x86
		{38097EB2-5B62-456F-B059-F5D6D6892DA0}.Debug|x86.Build.0 = Debug|x86
		{38097EB2-5B62-456F-B059-F5D6D6892DA0}.Release|.NET.ActiveCfg = Release|x86
		{38097EB2-5B62-456F-B059-F5D6D6892DA0}.Release|Any CPU.ActiveCfg = Release|Any CPU
		{38097EB2-5B62-456F-B059-F5D6D6892DA0}.Release|Any CPU.Build.0 = Release|Any CPU
		{38097EB2-5B62-456F-B059-F5D6D6892DA0}.Release|Mixed Platforms.ActiveCfg = Release|x86
		{38097EB2-5B62-456F-B059-F5D6D6892DA0}.Release|Mixed Platforms.Build.0 = Release|x86
		{38097EB2-5B62-456F-B059-F5D6D6892DA0}.Release|x64.ActiveCfg = Release|x86
		{38097EB2-5B62-456F-B059-F5D6D6892DA0}.Release|x86.ActiveCfg = Release|x86
		{38097EB2-5B62-456F-B059-F5D6D6892DA0}.Release|x86.Build.0 = Release|x86
		{AFFA761E-9D6E-40C0-8E13-8D5AE5CF317F}.Debug|.NET.ActiveCfg = Debug|x86
		{AFFA761E-9D6E-40C0-8E13-8D5AE5CF317F}.Debug|Any CPU.ActiveCfg = Debug|Any CPU
		{AFFA761E-9D6E-40C0-8E13-8D5AE5CF317F}.Debug|Any CPU.Build.0 = Debug|Any CPU
		{AFFA761E-9D6E-40C0-8E13-8D5AE5CF317F}.Debug|Mixed Platforms.ActiveCfg = Debug|x86
		{AFFA761E-9D6E-40C0-8E13-8D5AE5CF317F}.Debug|Mixed Platforms.Build.0 = Debug|x86
		{AFFA761E-9D6E-40C0-8E13-8D5AE5CF317F}.Debug|x64.ActiveCfg = Debug|x86
		{AFFA761E-9D6E-40C0-8E13-8D5AE5CF317F}.Debug|x86.ActiveCfg = Debug|x86
		{AFFA761E-9D6E-40C0-8E13-8D5AE5CF317F}.Debug|x86.Build.0 = Debug|x86
		{AFFA761E-9D6E-40C0-8E13-8D5AE5CF317F}.Release|.NET.ActiveCfg = Release|x86
		{AFFA761E-9D6E-40C0-8E13-8D5AE5CF317F}.Release|Any CPU.ActiveCfg = Release|Any CPU
		{AFFA761E-9D6E-40C0-8E13-8D5AE5CF317F}.Release|Any CPU.Build.0 = Release|Any CPU
		{AFFA761E-9D6E-40C0-8E13-8D5AE5CF317F}.Release|Mixed Platforms.ActiveCfg = Release|x86
		{AFFA761E-9D6E-40C0-8E13-8D5AE5CF317F}.Release|Mixed Platforms.Build.0 = Release|x86
		{AFFA761E-9D6E-40C0-8E13-8D5AE5CF317F}.Release|x64.ActiveCfg = Release|x86
		{AFFA761E-9D6E-40C0-8E13-8D5AE5CF317F}.Release|x86.ActiveCfg = Release|x86
		{AFFA761E-9D6E-40C0-8E13-8D5AE5CF317F}.Release|x86.Build.0 = Release|x86
		{B6C839FB-917C-46B4-957C-FDA5DA3E6789}.Debug|.NET.ActiveCfg = Debug|x86
		{B6C839FB-917C-46B4-957C-FDA5DA3E6789}.Debug|Any CPU.ActiveCfg = Debug|Any CPU
		{B6C839FB-917C-46B4-957C-FDA5DA3E6789}.Debug|Any CPU.Build.0 = Debug|Any CPU
		{B6C839FB-917C-46B4-957C-FDA5DA3E6789}.Debug|Mixed Platforms.ActiveCfg = Debug|x86
		{B6C839FB-917C-46B4-957C-FDA5DA3E6789}.Debug|Mixed Platforms.Build.0 = Debug|x86
		{B6C839FB-917C-46B4-957C-FDA5DA3E6789}.Debug|x64.ActiveCfg = Debug|x64
		{B6C839FB-917C-46B4-957C-FDA5DA3E6789}.Debug|x64.Build.0 = Debug|x64
		{B6C839FB-917C-46B4-957C-FDA5DA3E6789}.Debug|x86.ActiveCfg = Debug|x86
		{B6C839FB-917C-46B4-957C-FDA5DA3E6789}.Debug|x86.Build.0 = Debug|x86
		{B6C839FB-917C-46B4-957C-FDA5DA3E6789}.Release|.NET.ActiveCfg = Release|x86
		{B6C839FB-917C-46B4-957C-FDA5DA3E6789}.Release|Any CPU.ActiveCfg = Release|Any CPU
		{B6C839FB-917C-46B4-957C-FDA5DA3E6789}.Release|Any CPU.Build.0 = Release|Any CPU
		{B6C839FB-917C-46B4-957C-FDA5DA3E6789}.Release|Mixed Platforms.ActiveCfg = Release|x86
		{B6C839FB-917C-46B4-957C-FDA5DA3E6789}.Release|Mixed Platforms.Build.0 = Release|x86
		{B6C839FB-917C-46B4-957C-FDA5DA3E6789}.Release|x64.ActiveCfg = Release|x64
		{B6C839FB-917C-46B4-957C-FDA5DA3E6789}.Release|x64.Build.0 = Release|x64
		{B6C839FB-917C-46B4-957C-FDA5DA3E6789}.Release|x86.ActiveCfg = Release|x86
		{B6C839FB-917C-46B4-957C-FDA5DA3E6789}.Release|x86.Build.0 = Release|x86
		{126CD167-4AB4-4C0F-93DC-982C02523790}.Debug|.NET.ActiveCfg = Debug|Any CPU
		{126CD167-4AB4-4C0F-93DC-982C02523790}.Debug|Any CPU.ActiveCfg = Debug|Any CPU
		{126CD167-4AB4-4C0F-93DC-982C02523790}.Debug|Any CPU.Build.0 = Debug|Any CPU
		{126CD167-4AB4-4C0F-93DC-982C02523790}.Debug|Mixed Platforms.ActiveCfg = Debug|Any CPU
		{126CD167-4AB4-4C0F-93DC-982C02523790}.Debug|Mixed Platforms.Build.0 = Debug|Any CPU
		{126CD167-4AB4-4C0F-93DC-982C02523790}.Debug|x64.ActiveCfg = Debug|Any CPU
		{126CD167-4AB4-4C0F-93DC-982C02523790}.Debug|x86.ActiveCfg = Debug|Any CPU
		{126CD167-4AB4-4C0F-93DC-982C02523790}.Release|.NET.ActiveCfg = Release|Any CPU
		{126CD167-4AB4-4C0F-93DC-982C02523790}.Release|Any CPU.ActiveCfg = Release|Any CPU
		{126CD167-4AB4-4C0F-93DC-982C02523790}.Release|Any CPU.Build.0 = Release|Any CPU
		{126CD167-4AB4-4C0F-93DC-982C02523790}.Release|Mixed Platforms.ActiveCfg = Release|Any CPU
		{126CD167-4AB4-4C0F-93DC-982C02523790}.Release|Mixed Platforms.Build.0 = Release|Any CPU
		{126CD167-4AB4-4C0F-93DC-982C02523790}.Release|x64.ActiveCfg = Release|Any CPU
		{126CD167-4AB4-4C0F-93DC-982C02523790}.Release|x86.ActiveCfg = Release|Any CPU
		{B07C2E63-0D42-4DD4-862C-BBA8122601F7}.Debug|.NET.ActiveCfg = Debug|Any CPU
		{B07C2E63-0D42-4DD4-862C-BBA8122601F7}.Debug|Any CPU.ActiveCfg = Debug|Any CPU
		{B07C2E63-0D42-4DD4-862C-BBA8122601F7}.Debug|Any CPU.Build.0 = Debug|Any CPU
		{B07C2E63-0D42-4DD4-862C-BBA8122601F7}.Debug|Mixed Platforms.ActiveCfg = Debug|Any CPU
		{B07C2E63-0D42-4DD4-862C-BBA8122601F7}.Debug|Mixed Platforms.Build.0 = Debug|Any CPU
		{B07C2E63-0D42-4DD4-862C-BBA8122601F7}.Debug|x64.ActiveCfg = Debug|Any CPU
		{B07C2E63-0D42-4DD4-862C-BBA8122601F7}.Debug|x86.ActiveCfg = Debug|Any CPU
		{B07C2E63-0D42-4DD4-862C-BBA8122601F7}.Release|.NET.ActiveCfg = Release|Any CPU
		{B07C2E63-0D42-4DD4-862C-BBA8122601F7}.Release|Any CPU.ActiveCfg = Release|Any CPU
		{B07C2E63-0D42-4DD4-862C-BBA8122601F7}.Release|Any CPU.Build.0 = Release|Any CPU
		{B07C2E63-0D42-4DD4-862C-BBA8122601F7}.Release|Mixed Platforms.ActiveCfg = Release|Any CPU
		{B07C2E63-0D42-4DD4-862C-BBA8122601F7}.Release|Mixed Platforms.Build.0 = Release|Any CPU
		{B07C2E63-0D42-4DD4-862C-BBA8122601F7}.Release|x64.ActiveCfg = Release|Any CPU
		{B07C2E63-0D42-4DD4-862C-BBA8122601F7}.Release|x86.ActiveCfg = Release|Any CPU
		{F64BF97E-F277-442C-99A7-C7FD6F0FD1CD}.Debug|.NET.ActiveCfg = Debug|x86
		{F64BF97E-F277-442C-99A7-C7FD6F0FD1CD}.Debug|Any CPU.ActiveCfg = Debug|Any CPU
		{F64BF97E-F277-442C-99A7-C7FD6F0FD1CD}.Debug|Any CPU.Build.0 = Debug|Any CPU
		{F64BF97E-F277-442C-99A7-C7FD6F0FD1CD}.Debug|Mixed Platforms.ActiveCfg = Debug|x86
		{F64BF97E-F277-442C-99A7-C7FD6F0FD1CD}.Debug|Mixed Platforms.Build.0 = Debug|x86
		{F64BF97E-F277-442C-99A7-C7FD6F0FD1CD}.Debug|x64.ActiveCfg = Debug|x64
		{F64BF97E-F277-442C-99A7-C7FD6F0FD1CD}.Debug|x64.Build.0 = Debug|x64
		{F64BF97E-F277-442C-99A7-C7FD6F0FD1CD}.Debug|x86.ActiveCfg = Debug|x86
		{F64BF97E-F277-442C-99A7-C7FD6F0FD1CD}.Debug|x86.Build.0 = Debug|x86
		{F64BF97E-F277-442C-99A7-C7FD6F0FD1CD}.Release|.NET.ActiveCfg = Release|x86
		{F64BF97E-F277-442C-99A7-C7FD6F0FD1CD}.Release|Any CPU.ActiveCfg = Release|Any CPU
		{F64BF97E-F277-442C-99A7-C7FD6F0FD1CD}.Release|Any CPU.Build.0 = Release|Any CPU
		{F64BF97E-F277-442C-99A7-C7FD6F0FD1CD}.Release|Mixed Platforms.ActiveCfg = Release|x86
		{F64BF97E-F277-442C-99A7-C7FD6F0FD1CD}.Release|Mixed Platforms.Build.0 = Release|x86
		{F64BF97E-F277-442C-99A7-C7FD6F0FD1CD}.Release|x64.ActiveCfg = Release|x64
		{F64BF97E-F277-442C-99A7-C7FD6F0FD1CD}.Release|x64.Build.0 = Release|x64
		{F64BF97E-F277-442C-99A7-C7FD6F0FD1CD}.Release|x86.ActiveCfg = Release|x86
		{F64BF97E-F277-442C-99A7-C7FD6F0FD1CD}.Release|x86.Build.0 = Release|x86
	EndGlobalSection
	GlobalSection(SolutionProperties) = preSolution
		HideSolutionNode = FALSE
	EndGlobalSection
EndGlobal
