
Microsoft Visual Studio Solution File, Format Version 9.00
# Visual Studio 2005
Project("{FAE04EC0-301F-11D3-BF4B-00C04F79EFBC}") = "Sigbit.App.Net.IBXService", "..\Foundation\Sigbit.App.Net.IBXService\Sigbit.App.Net.IBXService.csproj", "{B6C839FB-917C-46B4-957C-FDA5DA3E6789}"
EndProject
Project("{FAE04EC0-301F-11D3-BF4B-00C04F79EFBC}") = "Sigbit.App.Net.IBXService.VCodeBreak", "..\InfobusServices\VerifyCodeBreak\Sigbit.App.Net.IBXService.VCodeBreak\Sigbit.App.Net.IBXService.VCodeBreak.csproj", "{EDCC37D0-2547-43EC-8577-6445D986F9B9}"
EndProject
Project("{FAE04EC0-301F-11D3-BF4B-00C04F79EFBC}") = "Sigbit.App.Net.IBXService.VoiceReg", "..\InfobusServices\VoiceReg\Sigbit.App.Net.IBXService.VoiceReg\Sigbit.App.Net.IBXService.VoiceReg.csproj", "{6DC916AE-285C-4D4C-9000-FAEAB77C0D1A}"
EndProject
Project("{FAE04EC0-301F-11D3-BF4B-00C04F79EFBC}") = "Sigbit.Common", "..\..\SigbitCommonSolutions\Sigbit.Common\Sigbit.Common.csproj", "{5B852150-D9C3-4AB3-BDC0-DAD16B819059}"
EndProject
Project("{FAE04EC0-301F-11D3-BF4B-00C04F79EFBC}") = "Sigbit.Net", "..\..\SigbitCommonSolutions\Sigbit.Net\Sigbit.Net.csproj", "{E88A6389-F6DF-4CC7-B31B-6C3183AAFE51}"
EndProject
Project("{FAE04EC0-301F-11D3-BF4B-00C04F79EFBC}") = "Sigbit.Data", "..\..\SigbitCommonSolutions\Sigbit.Data\Sigbit.Data.csproj", "{8F07A089-A32D-4B31-B62E-4BAF9017AF34}"
EndProject
Project("{FAE04EC0-301F-11D3-BF4B-00C04F79EFBC}") = "ZJVCodeDemo", "ZJVCodeDemo\ZJVCodeDemo.csproj", "{B39ABDC6-BF9A-49C7-9708-595ED769A19A}"
EndProject
Global
	GlobalSection(SolutionConfigurationPlatforms) = preSolution
		Debug|Any CPU = Debug|Any CPU
		Debug|x86 = Debug|x86
		Release|Any CPU = Release|Any CPU
		Release|x86 = Release|x86
	EndGlobalSection
	GlobalSection(ProjectConfigurationPlatforms) = postSolution
		{B6C839FB-917C-46B4-957C-FDA5DA3E6789}.Debug|Any CPU.ActiveCfg = Debug|Any CPU
		{B6C839FB-917C-46B4-957C-FDA5DA3E6789}.Debug|Any CPU.Build.0 = Debug|Any CPU
		{B6C839FB-917C-46B4-957C-FDA5DA3E6789}.Debug|x86.ActiveCfg = Debug|x86
		{B6C839FB-917C-46B4-957C-FDA5DA3E6789}.Release|Any CPU.ActiveCfg = Release|Any CPU
		{B6C839FB-917C-46B4-957C-FDA5DA3E6789}.Release|Any CPU.Build.0 = Release|Any CPU
		{B6C839FB-917C-46B4-957C-FDA5DA3E6789}.Release|x86.ActiveCfg = Release|Any CPU
		{EDCC37D0-2547-43EC-8577-6445D986F9B9}.Debug|Any CPU.ActiveCfg = Debug|Any CPU
		{EDCC37D0-2547-43EC-8577-6445D986F9B9}.Debug|Any CPU.Build.0 = Debug|Any CPU
		{EDCC37D0-2547-43EC-8577-6445D986F9B9}.Debug|x86.ActiveCfg = Debug|x86
		{EDCC37D0-2547-43EC-8577-6445D986F9B9}.Release|Any CPU.ActiveCfg = Release|Any CPU
		{EDCC37D0-2547-43EC-8577-6445D986F9B9}.Release|Any CPU.Build.0 = Release|Any CPU
		{EDCC37D0-2547-43EC-8577-6445D986F9B9}.Release|x86.ActiveCfg = Release|Any CPU
		{6DC916AE-285C-4D4C-9000-FAEAB77C0D1A}.Debug|Any CPU.ActiveCfg = Debug|Any CPU
		{6DC916AE-285C-4D4C-9000-FAEAB77C0D1A}.Debug|Any CPU.Build.0 = Debug|Any CPU
		{6DC916AE-285C-4D4C-9000-FAEAB77C0D1A}.Debug|x86.ActiveCfg = Debug|x86
		{6DC916AE-285C-4D4C-9000-FAEAB77C0D1A}.Release|Any CPU.ActiveCfg = Release|Any CPU
		{6DC916AE-285C-4D4C-9000-FAEAB77C0D1A}.Release|Any CPU.Build.0 = Release|Any CPU
		{6DC916AE-285C-4D4C-9000-FAEAB77C0D1A}.Release|x86.ActiveCfg = Release|Any CPU
		{5B852150-D9C3-4AB3-BDC0-DAD16B819059}.Debug|Any CPU.ActiveCfg = Debug|Any CPU
		{5B852150-D9C3-4AB3-BDC0-DAD16B819059}.Debug|Any CPU.Build.0 = Debug|Any CPU
		{5B852150-D9C3-4AB3-BDC0-DAD16B819059}.Debug|x86.ActiveCfg = Debug|Any CPU
		{5B852150-D9C3-4AB3-BDC0-DAD16B819059}.Release|Any CPU.ActiveCfg = Release|Any CPU
		{5B852150-D9C3-4AB3-BDC0-DAD16B819059}.Release|Any CPU.Build.0 = Release|Any CPU
		{5B852150-D9C3-4AB3-BDC0-DAD16B819059}.Release|x86.ActiveCfg = Release|Any CPU
		{E88A6389-F6DF-4CC7-B31B-6C3183AAFE51}.Debug|Any CPU.ActiveCfg = Debug|Any CPU
		{E88A6389-F6DF-4CC7-B31B-6C3183AAFE51}.Debug|Any CPU.Build.0 = Debug|Any CPU
		{E88A6389-F6DF-4CC7-B31B-6C3183AAFE51}.Debug|x86.ActiveCfg = Debug|Any CPU
		{E88A6389-F6DF-4CC7-B31B-6C3183AAFE51}.Release|Any CPU.ActiveCfg = Release|Any CPU
		{E88A6389-F6DF-4CC7-B31B-6C3183AAFE51}.Release|Any CPU.Build.0 = Release|Any CPU
		{E88A6389-F6DF-4CC7-B31B-6C3183AAFE51}.Release|x86.ActiveCfg = Release|Any CPU
		{8F07A089-A32D-4B31-B62E-4BAF9017AF34}.Debug|Any CPU.ActiveCfg = Debug|Any CPU
		{8F07A089-A32D-4B31-B62E-4BAF9017AF34}.Debug|Any CPU.Build.0 = Debug|Any CPU
		{8F07A089-A32D-4B31-B62E-4BAF9017AF34}.Debug|x86.ActiveCfg = Debug|Any CPU
		{8F07A089-A32D-4B31-B62E-4BAF9017AF34}.Release|Any CPU.ActiveCfg = Release|Any CPU
		{8F07A089-A32D-4B31-B62E-4BAF9017AF34}.Release|Any CPU.Build.0 = Release|Any CPU
		{8F07A089-A32D-4B31-B62E-4BAF9017AF34}.Release|x86.ActiveCfg = Release|Any CPU
		{B39ABDC6-BF9A-49C7-9708-595ED769A19A}.Debug|Any CPU.ActiveCfg = Debug|Any CPU
		{B39ABDC6-BF9A-49C7-9708-595ED769A19A}.Debug|Any CPU.Build.0 = Debug|Any CPU
		{B39ABDC6-BF9A-49C7-9708-595ED769A19A}.Debug|x86.ActiveCfg = Debug|Any CPU
		{B39ABDC6-BF9A-49C7-9708-595ED769A19A}.Release|Any CPU.ActiveCfg = Release|Any CPU
		{B39ABDC6-BF9A-49C7-9708-595ED769A19A}.Release|Any CPU.Build.0 = Release|Any CPU
		{B39ABDC6-BF9A-49C7-9708-595ED769A19A}.Release|x86.ActiveCfg = Release|Any CPU
	EndGlobalSection
	GlobalSection(SolutionProperties) = preSolution
		HideSolutionNode = FALSE
	EndGlobalSection
EndGlobal
